connectrpc.com/connect v1.17.0 h1:W0ZqMhtVzn9Zhn2yATuUokDLO5N+gIuBWMOnsQrfmZk=
connectrpc.com/connect v1.17.0/go.mod h1:0292hj1rnx8oFrStN7cB4jjVBeqs+Yx5yDIC2prWDO8=
github.com/alexedwards/scs/v2 v2.8.0 h1:h31yUYoycPuL0zt14c0gd+oqxfRwIj6SOjHdKRZxhEw=
github.com/alexedwards/scs/v2 v2.8.0/go.mod h1:ToaROZxyKukJKT/xLcVQAChi5k6+Pn1Gvmdl7h3RRj8=
github.com/google/uuid v1.6.0 h1:NIvaJDMOsjHA8n1jAhLSgzrAzy1Hgr+hNrb57e+94F0=
github.com/google/uuid v1.6.0/go.mod h1:TIyPZe4MgqvfeYDBFedMoGGpEw/LqOeaOT+nhxU+yHo=
github.com/joho/godotenv v1.5.1 h1:7eLL/+HRGLY0ldzfGMeQkb7vMd0as4CfYvUVzLqw0N0=
github.com/joho/godotenv v1.5.1/go.mod h1:f4LDr5Voq0i2e/R5DDNOoa2zzDfwtkZa6DnEwAbqwq4=
github.com/justinas/alice v1.2.0 h1:+MHSA/vccVCF4Uq37S42jwlkvI2Xzl7zTPCN5BnZNVo=
github.com/justinas/alice v1.2.0/go.mod h1:fN5HRH/reO/zrUflLfTN43t3vXvKzvZIENsNEe7i7qA=
github.com/lmittmann/tint v1.0.5 h1:NQclAutOfYsqs2F1Lenue6OoWCajs5wJcP3DfWVpePw=
github.com/lmittmann/tint v1.0.5/go.mod h1:HIS3gSy7qNwGCj+5oRjAutErFBl4BzdQP6cJZ0NfMwE=
github.com/samber/lo v1.38.1 h1:j2XEAqXKb09Am4ebOg31SpvzUTTs6EN3VfgeLUhPdXM=
github.com/samber/lo v1.38.1/go.mod h1:+m/ZKRl6ClXCE2Lgf3MsQlWfh4bn1bz6CXEOxnEXnEA=
github.com/samber/slog-multi v1.2.2 h1:tJfAyxFDk7CGiEumFTj1iXpD3Uu9rFPUKldpsTgUTGk=
github.com/samber/slog-multi v1.2.2/go.mod h1:uLAvHpGqbYgX4FSL0p1ZwoLuveIAJvBECtE07XmYvFo=
github.com/unrolled/secure v1.15.0 h1:q7x+pdp8jAHnbzxu6UheP8fRlG/rwYTb8TPuQ3rn9Og=
github.com/unrolled/secure v1.15.0/go.mod h1:BmF5hyM6tXczk3MpQkFf1hpKSRqCyhqcbiQtiAF7+40=
golang.org/x/exp v0.0.0-20220303212507-bbda1eaf7a17 h1:3MTrJm4PyNL9NBqvYDSj3DHl46qQakyfqfWo4jgfaEM=
golang.org/x/exp v0.0.0-20220303212507-bbda1eaf7a17/go.mod h1:lgLbSvA5ygNOMpwM/9anMpWVlVJ7Z+cHWq/eFuinpGE=
golang.org/x/net v0.29.0 h1:5ORfpBpCs4HzDYoodCDBbwHzdR5UrLBZ3sOnUJmFoHo=
golang.org/x/net v0.29.0/go.mod h1:gLkgy8jTGERgjzMic6DS9+SP0ajcu6Xu3Orq/SpETg0=
golang.org/x/text v0.18.0 h1:XvMDiNzPAl0jr17s6W9lcaIhGUfUORdGCNsuLmPG224=
golang.org/x/text v0.18.0/go.mod h1:BuEKDfySbSR4drPmRPG/7iBdf8hvFMuRexcpahXilzY=
google.golang.org/protobuf v1.34.2 h1:6xV6lTsCfpGD21XK49h7MhtcApnLqkfYgPcdHftf6hg=
google.golang.org/protobuf v1.34.2/go.mod h1:qYOHts0dSfpeUzUFpOMr/WGzszTmLH+DiWniOlNbLDw=
